// !$*UTF8*$!
{
	archiveVersion = 1;
	classes = {
	};
	objectVersion = 55;
	objects = {

/* Begin PBXBuildFile section */
		14515AD527B2FD9F00FB8C4F /* NunitoSans-SemiBoldItalic.ttf in Resources */ = {isa = PBXBuildFile; fileRef = 14515AC727B2FD9F00FB8C4F /* NunitoSans-SemiBoldItalic.ttf */; };
		14515AD627B2FD9F00FB8C4F /* NunitoSans-BoldItalic.ttf in Resources */ = {isa = PBXBuildFile; fileRef = 14515AC827B2FD9F00FB8C4F /* NunitoSans-BoldItalic.ttf */; };
		14515AD727B2FD9F00FB8C4F /* NunitoSans-ExtraLightItalic.ttf in Resources */ = {isa = PBXBuildFile; fileRef = 14515AC927B2FD9F00FB8C4F /* NunitoSans-ExtraLightItalic.ttf */; };
		14515AD827B2FD9F00FB8C4F /* NunitoSans-ExtraBoldItalic.ttf in Resources */ = {isa = PBXBuildFile; fileRef = 14515ACA27B2FD9F00FB8C4F /* NunitoSans-ExtraBoldItalic.ttf */; };
		14515AD927B2FD9F00FB8C4F /* NunitoSans-SemiBold.ttf in Resources */ = {isa = PBXBuildFile; fileRef = 14515ACB27B2FD9F00FB8C4F /* NunitoSans-SemiBold.ttf */; };
		14515ADA27B2FD9F00FB8C4F /* NunitoSans-ExtraLight.ttf in Resources */ = {isa = PBXBuildFile; fileRef = 14515ACC27B2FD9F00FB8C4F /* NunitoSans-ExtraLight.ttf */; };
		14515ADB27B2FD9F00FB8C4F /* NunitoSans-BlackItalic.ttf in Resources */ = {isa = PBXBuildFile; fileRef = 14515ACD27B2FD9F00FB8C4F /* NunitoSans-BlackItalic.ttf */; };
		14515ADC27B2FD9F00FB8C4F /* NunitoSans-Light.ttf in Resources */ = {isa = PBXBuildFile; fileRef = 14515ACE27B2FD9F00FB8C4F /* NunitoSans-Light.ttf */; };
		14515ADD27B2FD9F00FB8C4F /* NunitoSans-Bold.ttf in Resources */ = {isa = PBXBuildFile; fileRef = 14515ACF27B2FD9F00FB8C4F /* NunitoSans-Bold.ttf */; };
		14515ADE27B2FD9F00FB8C4F /* NunitoSans-ExtraBold.ttf in Resources */ = {isa = PBXBuildFile; fileRef = 14515AD027B2FD9F00FB8C4F /* NunitoSans-ExtraBold.ttf */; };
		14515ADF27B2FD9F00FB8C4F /* NunitoSans-Black.ttf in Resources */ = {isa = PBXBuildFile; fileRef = 14515AD127B2FD9F00FB8C4F /* NunitoSans-Black.ttf */; };
		14515AE027B2FD9F00FB8C4F /* NunitoSans-LightItalic.ttf in Resources */ = {isa = PBXBuildFile; fileRef = 14515AD227B2FD9F00FB8C4F /* NunitoSans-LightItalic.ttf */; };
		14515AE127B2FD9F00FB8C4F /* NunitoSans-Italic.ttf in Resources */ = {isa = PBXBuildFile; fileRef = 14515AD327B2FD9F00FB8C4F /* NunitoSans-Italic.ttf */; };
		14515AE227B2FD9F00FB8C4F /* NunitoSans-Regular.ttf in Resources */ = {isa = PBXBuildFile; fileRef = 14515AD427B2FD9F00FB8C4F /* NunitoSans-Regular.ttf */; };
		1469D3B527A86B09001C5CE6 /* RootNavigationController.swift in Sources */ = {isa = PBXBuildFile; fileRef = 1469D3B427A86B09001C5CE6 /* RootNavigationController.swift */; };
		1469D3B927A86D5F001C5CE6 /* UIViewControllerExtension.swift in Sources */ = {isa = PBXBuildFile; fileRef = 1469D3B827A86D5F001C5CE6 /* UIViewControllerExtension.swift */; };
		1478C0E627AD602F00DC25F8 /* WelcomeViewController.swift in Sources */ = {isa = PBXBuildFile; fileRef = 1478C0E527AD602F00DC25F8 /* WelcomeViewController.swift */; };
		1478C0E827AD604C00DC25F8 /* Welcome.storyboard in Resources */ = {isa = PBXBuildFile; fileRef = 1478C0E727AD604C00DC25F8 /* Welcome.storyboard */; };
		1478C0EB27AD621E00DC25F8 /* Merriweather-Regular.ttf in Resources */ = {isa = PBXBuildFile; fileRef = 1478C0EA27AD621400DC25F8 /* Merriweather-Regular.ttf */; };
		14834F5E27A0867A0079DEB4 /* AppDelegate.swift in Sources */ = {isa = PBXBuildFile; fileRef = 14834F5D27A0867A0079DEB4 /* AppDelegate.swift */; };
		14834F6027A0867A0079DEB4 /* SceneDelegate.swift in Sources */ = {isa = PBXBuildFile; fileRef = 14834F5F27A0867A0079DEB4 /* SceneDelegate.swift */; };
		14834F6227A0867A0079DEB4 /* MainViewController.swift in Sources */ = {isa = PBXBuildFile; fileRef = 14834F6127A0867A0079DEB4 /* MainViewController.swift */; };
		14834F6527A0867A0079DEB4 /* Main.storyboard in Resources */ = {isa = PBXBuildFile; fileRef = 14834F6327A0867A0079DEB4 /* Main.storyboard */; };
		14834F6827A0867A0079DEB4 /* FurnitureStore.xcdatamodeld in Sources */ = {isa = PBXBuildFile; fileRef = 14834F6627A0867A0079DEB4 /* FurnitureStore.xcdatamodeld */; };
		14834F6A27A0867B0079DEB4 /* Assets.xcassets in Resources */ = {isa = PBXBuildFile; fileRef = 14834F6927A0867B0079DEB4 /* Assets.xcassets */; };
		14834F6D27A0867B0079DEB4 /* LaunchScreen.storyboard in Resources */ = {isa = PBXBuildFile; fileRef = 14834F6B27A0867B0079DEB4 /* LaunchScreen.storyboard */; };
		14C00C2E27A850870091B76A /* Gelasio-Bold.ttf in Resources */ = {isa = PBXBuildFile; fileRef = 14C00C2D27A850870091B76A /* Gelasio-Bold.ttf */; };
		14C00C3027A850940091B76A /* Gelasio-SemiBold.ttf in Resources */ = {isa = PBXBuildFile; fileRef = 14C00C2F27A850940091B76A /* Gelasio-SemiBold.ttf */; };
		A7758A3E6B5654F83F0CE2A2 /* Pods_FurnitureStore.framework in Frameworks */ = {isa = PBXBuildFile; fileRef = A0F3D4B73875069B3DB456FE /* Pods_FurnitureStore.framework */; };
/* End PBXBuildFile section */

/* Begin PBXFileReference section */
		14515AC727B2FD9F00FB8C4F /* NunitoSans-SemiBoldItalic.ttf */ = {isa = PBXFileReference; lastKnownFileType = file; path = "NunitoSans-SemiBoldItalic.ttf"; sourceTree = "<group>"; };
		14515AC827B2FD9F00FB8C4F /* NunitoSans-BoldItalic.ttf */ = {isa = PBXFileReference; lastKnownFileType = file; path = "NunitoSans-BoldItalic.ttf"; sourceTree = "<group>"; };
		14515AC927B2FD9F00FB8C4F /* NunitoSans-ExtraLightItalic.ttf */ = {isa = PBXFileReference; lastKnownFileType = file; path = "NunitoSans-ExtraLightItalic.ttf"; sourceTree = "<group>"; };
		14515ACA27B2FD9F00FB8C4F /* NunitoSans-ExtraBoldItalic.ttf */ = {isa = PBXFileReference; lastKnownFileType = file; path = "NunitoSans-ExtraBoldItalic.ttf"; sourceTree = "<group>"; };
		14515ACB27B2FD9F00FB8C4F /* NunitoSans-SemiBold.ttf */ = {isa = PBXFileReference; lastKnownFileType = file; path = "NunitoSans-SemiBold.ttf"; sourceTree = "<group>"; };
		14515ACC27B2FD9F00FB8C4F /* NunitoSans-ExtraLight.ttf */ = {isa = PBXFileReference; lastKnownFileType = file; path = "NunitoSans-ExtraLight.ttf"; sourceTree = "<group>"; };
		14515ACD27B2FD9F00FB8C4F /* NunitoSans-BlackItalic.ttf */ = {isa = PBXFileReference; lastKnownFileType = file; path = "NunitoSans-BlackItalic.ttf"; sourceTree = "<group>"; };
		14515ACE27B2FD9F00FB8C4F /* NunitoSans-Light.ttf */ = {isa = PBXFileReference; lastKnownFileType = file; path = "NunitoSans-Light.ttf"; sourceTree = "<group>"; };
		14515ACF27B2FD9F00FB8C4F /* NunitoSans-Bold.ttf */ = {isa = PBXFileReference; lastKnownFileType = file; path = "NunitoSans-Bold.ttf"; sourceTree = "<group>"; };
		14515AD027B2FD9F00FB8C4F /* NunitoSans-ExtraBold.ttf */ = {isa = PBXFileReference; lastKnownFileType = file; path = "NunitoSans-ExtraBold.ttf"; sourceTree = "<group>"; };
		14515AD127B2FD9F00FB8C4F /* NunitoSans-Black.ttf */ = {isa = PBXFileReference; lastKnownFileType = file; path = "NunitoSans-Black.ttf"; sourceTree = "<group>"; };
		14515AD227B2FD9F00FB8C4F /* NunitoSans-LightItalic.ttf */ = {isa = PBXFileReference; lastKnownFileType = file; path = "NunitoSans-LightItalic.ttf"; sourceTree = "<group>"; };
		14515AD327B2FD9F00FB8C4F /* NunitoSans-Italic.ttf */ = {isa = PBXFileReference; lastKnownFileType = file; path = "NunitoSans-Italic.ttf"; sourceTree = "<group>"; };
		14515AD427B2FD9F00FB8C4F /* NunitoSans-Regular.ttf */ = {isa = PBXFileReference; lastKnownFileType = file; name = "NunitoSans-Regular.ttf"; path = "../../../../../../../../Downloads/Nunito_Sans/NunitoSans-Regular.ttf"; sourceTree = "<group>"; };
		1469D3B427A86B09001C5CE6 /* RootNavigationController.swift */ = {isa = PBXFileReference; lastKnownFileType = sourcecode.swift; path = RootNavigationController.swift; sourceTree = "<group>"; };
		1469D3B827A86D5F001C5CE6 /* UIViewControllerExtension.swift */ = {isa = PBXFileReference; lastKnownFileType = sourcecode.swift; path = UIViewControllerExtension.swift; sourceTree = "<group>"; };
		1478C0E527AD602F00DC25F8 /* WelcomeViewController.swift */ = {isa = PBXFileReference; lastKnownFileType = sourcecode.swift; path = WelcomeViewController.swift; sourceTree = "<group>"; };
		1478C0E727AD604C00DC25F8 /* Welcome.storyboard */ = {isa = PBXFileReference; lastKnownFileType = file.storyboard; path = Welcome.storyboard; sourceTree = "<group>"; };
		1478C0EA27AD621400DC25F8 /* Merriweather-Regular.ttf */ = {isa = PBXFileReference; lastKnownFileType = file; path = "Merriweather-Regular.ttf"; sourceTree = "<group>"; };
		14834F5A27A0867A0079DEB4 /* FurnitureStore.app */ = {isa = PBXFileReference; explicitFileType = wrapper.application; includeInIndex = 0; path = FurnitureStore.app; sourceTree = BUILT_PRODUCTS_DIR; };
		14834F5D27A0867A0079DEB4 /* AppDelegate.swift */ = {isa = PBXFileReference; lastKnownFileType = sourcecode.swift; path = AppDelegate.swift; sourceTree = "<group>"; };
		14834F5F27A0867A0079DEB4 /* SceneDelegate.swift */ = {isa = PBXFileReference; lastKnownFileType = sourcecode.swift; path = SceneDelegate.swift; sourceTree = "<group>"; };
		14834F6127A0867A0079DEB4 /* MainViewController.swift */ = {isa = PBXFileReference; lastKnownFileType = sourcecode.swift; path = MainViewController.swift; sourceTree = "<group>"; };
		14834F6427A0867A0079DEB4 /* Base */ = {isa = PBXFileReference; lastKnownFileType = file.storyboard; name = Base; path = Base.lproj/Main.storyboard; sourceTree = "<group>"; };
		14834F6727A0867A0079DEB4 /* FurnitureStore.xcdatamodel */ = {isa = PBXFileReference; lastKnownFileType = wrapper.xcdatamodel; path = FurnitureStore.xcdatamodel; sourceTree = "<group>"; };
		14834F6927A0867B0079DEB4 /* Assets.xcassets */ = {isa = PBXFileReference; lastKnownFileType = folder.assetcatalog; path = Assets.xcassets; sourceTree = "<group>"; };
		14834F6C27A0867B0079DEB4 /* Base */ = {isa = PBXFileReference; lastKnownFileType = file.storyboard; name = Base; path = Base.lproj/LaunchScreen.storyboard; sourceTree = "<group>"; };
		14834F6E27A0867B0079DEB4 /* Info.plist */ = {isa = PBXFileReference; lastKnownFileType = text.plist.xml; path = Info.plist; sourceTree = "<group>"; };
		14C00C2D27A850870091B76A /* Gelasio-Bold.ttf */ = {isa = PBXFileReference; lastKnownFileType = file; path = "Gelasio-Bold.ttf"; sourceTree = "<group>"; };
		14C00C2F27A850940091B76A /* Gelasio-SemiBold.ttf */ = {isa = PBXFileReference; lastKnownFileType = file; path = "Gelasio-SemiBold.ttf"; sourceTree = "<group>"; };
		4C7438013CB8BE6F2B74F696 /* Pods-FurnitureStore.debug.xcconfig */ = {isa = PBXFileReference; includeInIndex = 1; lastKnownFileType = text.xcconfig; name = "Pods-FurnitureStore.debug.xcconfig"; path = "Target Support Files/Pods-FurnitureStore/Pods-FurnitureStore.debug.xcconfig"; sourceTree = "<group>"; };
		A09289D0486093216845E686 /* Pods-FurnitureStore.release.xcconfig */ = {isa = PBXFileReference; includeInIndex = 1; lastKnownFileType = text.xcconfig; name = "Pods-FurnitureStore.release.xcconfig"; path = "Target Support Files/Pods-FurnitureStore/Pods-FurnitureStore.release.xcconfig"; sourceTree = "<group>"; };
		A0F3D4B73875069B3DB456FE /* Pods_FurnitureStore.framework */ = {isa = PBXFileReference; explicitFileType = wrapper.framework; includeInIndex = 0; path = Pods_FurnitureStore.framework; sourceTree = BUILT_PRODUCTS_DIR; };
/* End PBXFileReference section */

/* Begin PBXFrameworksBuildPhase section */
		14834F5727A0867A0079DEB4 /* Frameworks */ = {
			isa = PBXFrameworksBuildPhase;
			buildActionMask = 2147483647;
			files = (
				A7758A3E6B5654F83F0CE2A2 /* Pods_FurnitureStore.framework in Frameworks */,
			);
			runOnlyForDeploymentPostprocessing = 0;
		};
/* End PBXFrameworksBuildPhase section */

/* Begin PBXGroup section */
		141E832027A1C43D0017C3CE /* Application */ = {
			isa = PBXGroup;
			children = (
				14834F6B27A0867B0079DEB4 /* LaunchScreen.storyboard */,
				14834F5F27A0867A0079DEB4 /* SceneDelegate.swift */,
				14834F5D27A0867A0079DEB4 /* AppDelegate.swift */,
			);
			path = Application;
			sourceTree = "<group>";
		};
		141E832127A1C4490017C3CE /* CoreData */ = {
			isa = PBXGroup;
			children = (
				14834F6627A0867A0079DEB4 /* FurnitureStore.xcdatamodeld */,
			);
			path = CoreData;
			sourceTree = "<group>";
		};
		141E832227A1C4E10017C3CE /* Models */ = {
			isa = PBXGroup;
			children = (
			);
			path = Models;
			sourceTree = "<group>";
		};
		141E832327A1C4E80017C3CE /* Modules */ = {
			isa = PBXGroup;
			children = (
				1478C0E427AD601000DC25F8 /* Welcome */,
				1469D3B327A86AF0001C5CE6 /* Root */,
				141E832527A1C5440017C3CE /* Main */,
			);
			path = Modules;
			sourceTree = "<group>";
		};
		141E832427A1C5070017C3CE /* Resources */ = {
			isa = PBXGroup;
			children = (
				14C00C2B27A850570091B76A /* Fonts */,
				14834F6927A0867B0079DEB4 /* Assets.xcassets */,
			);
			path = Resources;
			sourceTree = "<group>";
		};
		141E832527A1C5440017C3CE /* Main */ = {
			isa = PBXGroup;
			children = (
				14834F6127A0867A0079DEB4 /* MainViewController.swift */,
				14834F6327A0867A0079DEB4 /* Main.storyboard */,
			);
			path = Main;
			sourceTree = "<group>";
		};
		1469D3B327A86AF0001C5CE6 /* Root */ = {
			isa = PBXGroup;
			children = (
				1469D3B427A86B09001C5CE6 /* RootNavigationController.swift */,
			);
			path = Root;
			sourceTree = "<group>";
		};
		1469D3B627A86D3D001C5CE6 /* Utils */ = {
			isa = PBXGroup;
			children = (
				1469D3B727A86D4B001C5CE6 /* Extensions */,
			);
			path = Utils;
			sourceTree = "<group>";
		};
		1469D3B727A86D4B001C5CE6 /* Extensions */ = {
			isa = PBXGroup;
			children = (
				1469D3B827A86D5F001C5CE6 /* UIViewControllerExtension.swift */,
			);
			path = Extensions;
			sourceTree = "<group>";
		};
		1478C0E427AD601000DC25F8 /* Welcome */ = {
			isa = PBXGroup;
			children = (
				1478C0E527AD602F00DC25F8 /* WelcomeViewController.swift */,
				1478C0E727AD604C00DC25F8 /* Welcome.storyboard */,
			);
			path = Welcome;
			sourceTree = "<group>";
		};
		1478C0E927AD620000DC25F8 /* Merriweather */ = {
			isa = PBXGroup;
			children = (
				1478C0EA27AD621400DC25F8 /* Merriweather-Regular.ttf */,
			);
			path = Merriweather;
			sourceTree = "<group>";
		};
		14834F5127A0867A0079DEB4 = {
			isa = PBXGroup;
			children = (
				14834F5C27A0867A0079DEB4 /* FurnitureStore */,
				14834F5B27A0867A0079DEB4 /* Products */,
				413C20586F1183B3065DDBC4 /* Pods */,
				BAEACC5141EAA4E9BB5126F2 /* Frameworks */,
			);
			sourceTree = "<group>";
		};
		14834F5B27A0867A0079DEB4 /* Products */ = {
			isa = PBXGroup;
			children = (
				14834F5A27A0867A0079DEB4 /* FurnitureStore.app */,
			);
			name = Products;
			sourceTree = "<group>";
		};
		14834F5C27A0867A0079DEB4 /* FurnitureStore */ = {
			isa = PBXGroup;
			children = (
				14834F6E27A0867B0079DEB4 /* Info.plist */,
				141E832027A1C43D0017C3CE /* Application */,
				141E832127A1C4490017C3CE /* CoreData */,
				141E832227A1C4E10017C3CE /* Models */,
				141E832327A1C4E80017C3CE /* Modules */,
				14F6A14227B18F6100E0E945 /* Parents */,
				141E832427A1C5070017C3CE /* Resources */,
				1469D3B627A86D3D001C5CE6 /* Utils */,
			);
			path = FurnitureStore;
			sourceTree = "<group>";
		};
		14C00C2B27A850570091B76A /* Fonts */ = {
			isa = PBXGroup;
			children = (
				1478C0E927AD620000DC25F8 /* Merriweather */,
				14C00C3127A850F00091B76A /* NuninoSans */,
				14C00C2C27A8506F0091B76A /* Gelasio */,
			);
			path = Fonts;
			sourceTree = "<group>";
		};
		14C00C2C27A8506F0091B76A /* Gelasio */ = {
			isa = PBXGroup;
			children = (
				14C00C2D27A850870091B76A /* Gelasio-Bold.ttf */,
				14C00C2F27A850940091B76A /* Gelasio-SemiBold.ttf */,
			);
			path = Gelasio;
			sourceTree = "<group>";
		};
		14C00C3127A850F00091B76A /* NuninoSans */ = {
			isa = PBXGroup;
			children = (
				14515AD127B2FD9F00FB8C4F /* NunitoSans-Black.ttf */,
				14515ACD27B2FD9F00FB8C4F /* NunitoSans-BlackItalic.ttf */,
				14515ACF27B2FD9F00FB8C4F /* NunitoSans-Bold.ttf */,
				14515AC827B2FD9F00FB8C4F /* NunitoSans-BoldItalic.ttf */,
				14515AD027B2FD9F00FB8C4F /* NunitoSans-ExtraBold.ttf */,
				14515ACA27B2FD9F00FB8C4F /* NunitoSans-ExtraBoldItalic.ttf */,
				14515ACC27B2FD9F00FB8C4F /* NunitoSans-ExtraLight.ttf */,
				14515AC927B2FD9F00FB8C4F /* NunitoSans-ExtraLightItalic.ttf */,
				14515AD327B2FD9F00FB8C4F /* NunitoSans-Italic.ttf */,
				14515ACE27B2FD9F00FB8C4F /* NunitoSans-Light.ttf */,
				14515AD227B2FD9F00FB8C4F /* NunitoSans-LightItalic.ttf */,
				14515AD427B2FD9F00FB8C4F /* NunitoSans-Regular.ttf */,
				14515ACB27B2FD9F00FB8C4F /* NunitoSans-SemiBold.ttf */,
				14515AC727B2FD9F00FB8C4F /* NunitoSans-SemiBoldItalic.ttf */,
			);
			path = NuninoSans;
			sourceTree = "<group>";
		};
		14F6A14227B18F6100E0E945 /* Parents */ = {
			isa = PBXGroup;
			children = (
			);
			path = Parents;
			sourceTree = "<group>";
		};
		413C20586F1183B3065DDBC4 /* Pods */ = {
			isa = PBXGroup;
			children = (
				4C7438013CB8BE6F2B74F696 /* Pods-FurnitureStore.debug.xcconfig */,
				A09289D0486093216845E686 /* Pods-FurnitureStore.release.xcconfig */,
			);
			path = Pods;
			sourceTree = "<group>";
		};
		BAEACC5141EAA4E9BB5126F2 /* Frameworks */ = {
			isa = PBXGroup;
			children = (
				A0F3D4B73875069B3DB456FE /* Pods_FurnitureStore.framework */,
			);
			name = Frameworks;
			sourceTree = "<group>";
		};
/* End PBXGroup section */

/* Begin PBXNativeTarget section */
		14834F5927A0867A0079DEB4 /* FurnitureStore */ = {
			isa = PBXNativeTarget;
			buildConfigurationList = 14834F7127A0867B0079DEB4 /* Build configuration list for PBXNativeTarget "FurnitureStore" */;
			buildPhases = (
				AC5BF4E1184F752556936F4E /* [CP] Check Pods Manifest.lock */,
				14834F5627A0867A0079DEB4 /* Sources */,
				14834F5727A0867A0079DEB4 /* Frameworks */,
				14834F5827A0867A0079DEB4 /* Resources */,
				99ED6A63845F1FC1B9129EC6 /* [CP] Embed Pods Frameworks */,
			);
			buildRules = (
			);
			dependencies = (
			);
			name = FurnitureStore;
			productName = FurnitureStore;
			productReference = 14834F5A27A0867A0079DEB4 /* FurnitureStore.app */;
			productType = "com.apple.product-type.application";
		};
/* End PBXNativeTarget section */

/* Begin PBXProject section */
		14834F5227A0867A0079DEB4 /* Project object */ = {
			isa = PBXProject;
			attributes = {
				BuildIndependentTargetsInParallel = 1;
				LastSwiftUpdateCheck = 1320;
				LastUpgradeCheck = 1320;
				TargetAttributes = {
					14834F5927A0867A0079DEB4 = {
						CreatedOnToolsVersion = 13.2.1;
					};
				};
			};
			buildConfigurationList = 14834F5527A0867A0079DEB4 /* Build configuration list for PBXProject "FurnitureStore" */;
			compatibilityVersion = "Xcode 13.0";
			developmentRegion = en;
			hasScannedForEncodings = 0;
			knownRegions = (
				en,
				Base,
			);
			mainGroup = 14834F5127A0867A0079DEB4;
			productRefGroup = 14834F5B27A0867A0079DEB4 /* Products */;
			projectDirPath = "";
			projectRoot = "";
			targets = (
				14834F5927A0867A0079DEB4 /* FurnitureStore */,
			);
		};
/* End PBXProject section */

/* Begin PBXResourcesBuildPhase section */
		14834F5827A0867A0079DEB4 /* Resources */ = {
			isa = PBXResourcesBuildPhase;
			buildActionMask = 2147483647;
			files = (
				14515AE127B2FD9F00FB8C4F /* NunitoSans-Italic.ttf in Resources */,
				14834F6D27A0867B0079DEB4 /* LaunchScreen.storyboard in Resources */,
				14515AD727B2FD9F00FB8C4F /* NunitoSans-ExtraLightItalic.ttf in Resources */,
				1478C0EB27AD621E00DC25F8 /* Merriweather-Regular.ttf in Resources */,
				14515AE227B2FD9F00FB8C4F /* NunitoSans-Regular.ttf in Resources */,
				14515AD827B2FD9F00FB8C4F /* NunitoSans-ExtraBoldItalic.ttf in Resources */,
				14515ADD27B2FD9F00FB8C4F /* NunitoSans-Bold.ttf in Resources */,
				14834F6A27A0867B0079DEB4 /* Assets.xcassets in Resources */,
				14515ADA27B2FD9F00FB8C4F /* NunitoSans-ExtraLight.ttf in Resources */,
				14515ADC27B2FD9F00FB8C4F /* NunitoSans-Light.ttf in Resources */,
				14C00C2E27A850870091B76A /* Gelasio-Bold.ttf in Resources */,
				14515ADE27B2FD9F00FB8C4F /* NunitoSans-ExtraBold.ttf in Resources */,
				14515AD927B2FD9F00FB8C4F /* NunitoSans-SemiBold.ttf in Resources */,
				14515AD627B2FD9F00FB8C4F /* NunitoSans-BoldItalic.ttf in Resources */,
				14834F6527A0867A0079DEB4 /* Main.storyboard in Resources */,
				14C00C3027A850940091B76A /* Gelasio-SemiBold.ttf in Resources */,
				14515ADF27B2FD9F00FB8C4F /* NunitoSans-Black.ttf in Resources */,
				1478C0E827AD604C00DC25F8 /* Welcome.storyboard in Resources */,
				14515ADB27B2FD9F00FB8C4F /* NunitoSans-BlackItalic.ttf in Resources */,
				14515AD527B2FD9F00FB8C4F /* NunitoSans-SemiBoldItalic.ttf in Resources */,
				14515AE027B2FD9F00FB8C4F /* NunitoSans-LightItalic.ttf in Resources */,
			);
			runOnlyForDeploymentPostprocessing = 0;
		};
/* End PBXResourcesBuildPhase section */

/* Begin PBXShellScriptBuildPhase section */
		99ED6A63845F1FC1B9129EC6 /* [CP] Embed Pods Frameworks */ = {
			isa = PBXShellScriptBuildPhase;
			buildActionMask = 2147483647;
			files = (
			);
			inputFileListPaths = (
				"${PODS_ROOT}/Target Support Files/Pods-FurnitureStore/Pods-FurnitureStore-frameworks-${CONFIGURATION}-input-files.xcfilelist",
			);
			name = "[CP] Embed Pods Frameworks";
			outputFileListPaths = (
				"${PODS_ROOT}/Target Support Files/Pods-FurnitureStore/Pods-FurnitureStore-frameworks-${CONFIGURATION}-output-files.xcfilelist",
			);
			runOnlyForDeploymentPostprocessing = 0;
			shellPath = /bin/sh;
			shellScript = "\"${PODS_ROOT}/Target Support Files/Pods-FurnitureStore/Pods-FurnitureStore-frameworks.sh\"\n";
			showEnvVarsInLog = 0;
		};
		AC5BF4E1184F752556936F4E /* [CP] Check Pods Manifest.lock */ = {
			isa = PBXShellScriptBuildPhase;
			buildActionMask = 2147483647;
			files = (
			);
			inputFileListPaths = (
			);
			inputPaths = (
				"${PODS_PODFILE_DIR_PATH}/Podfile.lock",
				"${PODS_ROOT}/Manifest.lock",
			);
			name = "[CP] Check Pods Manifest.lock";
			outputFileListPaths = (
			);
			outputPaths = (
				"$(DERIVED_FILE_DIR)/Pods-FurnitureStore-checkManifestLockResult.txt",
			);
			runOnlyForDeploymentPostprocessing = 0;
			shellPath = /bin/sh;
			shellScript = "diff \"${PODS_PODFILE_DIR_PATH}/Podfile.lock\" \"${PODS_ROOT}/Manifest.lock\" > /dev/null\nif [ $? != 0 ] ; then\n    # print error to STDERR\n    echo \"error: The sandbox is not in sync with the Podfile.lock. Run 'pod install' or update your CocoaPods installation.\" >&2\n    exit 1\nfi\n# This output is used by Xcode 'outputs' to avoid re-running this script phase.\necho \"SUCCESS\" > \"${SCRIPT_OUTPUT_FILE_0}\"\n";
			showEnvVarsInLog = 0;
		};
/* End PBXShellScriptBuildPhase section */

/* Begin PBXSourcesBuildPhase section */
		14834F5627A0867A0079DEB4 /* Sources */ = {
			isa = PBXSourcesBuildPhase;
			buildActionMask = 2147483647;
			files = (
				14834F6827A0867A0079DEB4 /* FurnitureStore.xcdatamodeld in Sources */,
				14834F6227A0867A0079DEB4 /* MainViewController.swift in Sources */,
				1469D3B927A86D5F001C5CE6 /* UIViewControllerExtension.swift in Sources */,
				14834F5E27A0867A0079DEB4 /* AppDelegate.swift in Sources */,
				14834F6027A0867A0079DEB4 /* SceneDelegate.swift in Sources */,
				1469D3B527A86B09001C5CE6 /* RootNavigationController.swift in Sources */,
				1478C0E627AD602F00DC25F8 /* WelcomeViewController.swift in Sources */,
			);
			runOnlyForDeploymentPostprocessing = 0;
		};
/* End PBXSourcesBuildPhase section */

/* Begin PBXVariantGroup section */
		14834F6327A0867A0079DEB4 /* Main.storyboard */ = {
			isa = PBXVariantGroup;
			children = (
				14834F6427A0867A0079DEB4 /* Base */,
			);
			name = Main.storyboard;
			sourceTree = "<group>";
		};
		14834F6B27A0867B0079DEB4 /* LaunchScreen.storyboard */ = {
			isa = PBXVariantGroup;
			children = (
				14834F6C27A0867B0079DEB4 /* Base */,
			);
			name = LaunchScreen.storyboard;
			sourceTree = "<group>";
		};
/* End PBXVariantGroup section */

/* Begin XCBuildConfiguration section */
		14834F6F27A0867B0079DEB4 /* Debug */ = {
			isa = XCBuildConfiguration;
			buildSettings = {
				ALWAYS_SEARCH_USER_PATHS = NO;
				CLANG_ANALYZER_NONNULL = YES;
				CLANG_ANALYZER_NUMBER_OBJECT_CONVERSION = YES_AGGRESSIVE;
				CLANG_CXX_LANGUAGE_STANDARD = "gnu++17";
				CLANG_CXX_LIBRARY = "libc++";
				CLANG_ENABLE_MODULES = YES;
				CLANG_ENABLE_OBJC_ARC = YES;
				CLANG_ENABLE_OBJC_WEAK = YES;
				CLANG_WARN_BLOCK_CAPTURE_AUTORELEASING = YES;
				CLANG_WARN_BOOL_CONVERSION = YES;
				CLANG_WARN_COMMA = YES;
				CLANG_WARN_CONSTANT_CONVERSION = YES;
				CLANG_WARN_DEPRECATED_OBJC_IMPLEMENTATIONS = YES;
				CLANG_WARN_DIRECT_OBJC_ISA_USAGE = YES_ERROR;
				CLANG_WARN_DOCUMENTATION_COMMENTS = YES;
				CLANG_WARN_EMPTY_BODY = YES;
				CLANG_WARN_ENUM_CONVERSION = YES;
				CLANG_WARN_INFINITE_RECURSION = YES;
				CLANG_WARN_INT_CONVERSION = YES;
				CLANG_WARN_NON_LITERAL_NULL_CONVERSION = YES;
				CLANG_WARN_OBJC_IMPLICIT_RETAIN_SELF = YES;
				CLANG_WARN_OBJC_LITERAL_CONVERSION = YES;
				CLANG_WARN_OBJC_ROOT_CLASS = YES_ERROR;
				CLANG_WARN_QUOTED_INCLUDE_IN_FRAMEWORK_HEADER = YES;
				CLANG_WARN_RANGE_LOOP_ANALYSIS = YES;
				CLANG_WARN_STRICT_PROTOTYPES = YES;
				CLANG_WARN_SUSPICIOUS_MOVE = YES;
				CLANG_WARN_UNGUARDED_AVAILABILITY = YES_AGGRESSIVE;
				CLANG_WARN_UNREACHABLE_CODE = YES;
				CLANG_WARN__DUPLICATE_METHOD_MATCH = YES;
				COPY_PHASE_STRIP = NO;
				DEBUG_INFORMATION_FORMAT = dwarf;
				ENABLE_STRICT_OBJC_MSGSEND = YES;
				ENABLE_TESTABILITY = YES;
				GCC_C_LANGUAGE_STANDARD = gnu11;
				GCC_DYNAMIC_NO_PIC = NO;
				GCC_NO_COMMON_BLOCKS = YES;
				GCC_OPTIMIZATION_LEVEL = 0;
				GCC_PREPROCESSOR_DEFINITIONS = (
					"DEBUG=1",
					"$(inherited)",
				);
				GCC_WARN_64_TO_32_BIT_CONVERSION = YES;
				GCC_WARN_ABOUT_RETURN_TYPE = YES_ERROR;
				GCC_WARN_UNDECLARED_SELECTOR = YES;
				GCC_WARN_UNINITIALIZED_AUTOS = YES_AGGRESSIVE;
				GCC_WARN_UNUSED_FUNCTION = YES;
				GCC_WARN_UNUSED_VARIABLE = YES;
				IPHONEOS_DEPLOYMENT_TARGET = 15.2;
				MTL_ENABLE_DEBUG_INFO = INCLUDE_SOURCE;
				MTL_FAST_MATH = YES;
				ONLY_ACTIVE_ARCH = YES;
				SDKROOT = iphoneos;
				SWIFT_ACTIVE_COMPILATION_CONDITIONS = DEBUG;
				SWIFT_OPTIMIZATION_LEVEL = "-Onone";
			};
			name = Debug;
		};
		14834F7027A0867B0079DEB4 /* Release */ = {
			isa = XCBuildConfiguration;
			buildSettings = {
				ALWAYS_SEARCH_USER_PATHS = NO;
				CLANG_ANALYZER_NONNULL = YES;
				CLANG_ANALYZER_NUMBER_OBJECT_CONVERSION = YES_AGGRESSIVE;
				CLANG_CXX_LANGUAGE_STANDARD = "gnu++17";
				CLANG_CXX_LIBRARY = "libc++";
				CLANG_ENABLE_MODULES = YES;
				CLANG_ENABLE_OBJC_ARC = YES;
				CLANG_ENABLE_OBJC_WEAK = YES;
				CLANG_WARN_BLOCK_CAPTURE_AUTORELEASING = YES;
				CLANG_WARN_BOOL_CONVERSION = YES;
				CLANG_WARN_COMMA = YES;
				CLANG_WARN_CONSTANT_CONVERSION = YES;
				CLANG_WARN_DEPRECATED_OBJC_IMPLEMENTATIONS = YES;
				CLANG_WARN_DIRECT_OBJC_ISA_USAGE = YES_ERROR;
				CLANG_WARN_DOCUMENTATION_COMMENTS = YES;
				CLANG_WARN_EMPTY_BODY = YES;
				CLANG_WARN_ENUM_CONVERSION = YES;
				CLANG_WARN_INFINITE_RECURSION = YES;
				CLANG_WARN_INT_CONVERSION = YES;
				CLANG_WARN_NON_LITERAL_NULL_CONVERSION = YES;
				CLANG_WARN_OBJC_IMPLICIT_RETAIN_SELF = YES;
				CLANG_WARN_OBJC_LITERAL_CONVERSION = YES;
				CLANG_WARN_OBJC_ROOT_CLASS = YES_ERROR;
				CLANG_WARN_QUOTED_INCLUDE_IN_FRAMEWORK_HEADER = YES;
				CLANG_WARN_RANGE_LOOP_ANALYSIS = YES;
				CLANG_WARN_STRICT_PROTOTYPES = YES;
				CLANG_WARN_SUSPICIOUS_MOVE = YES;
				CLANG_WARN_UNGUARDED_AVAILABILITY = YES_AGGRESSIVE;
				CLANG_WARN_UNREACHABLE_CODE = YES;
				CLANG_WARN__DUPLICATE_METHOD_MATCH = YES;
				COPY_PHASE_STRIP = NO;
				DEBUG_INFORMATION_FORMAT = "dwarf-with-dsym";
				ENABLE_NS_ASSERTIONS = NO;
				ENABLE_STRICT_OBJC_MSGSEND = YES;
				GCC_C_LANGUAGE_STANDARD = gnu11;
				GCC_NO_COMMON_BLOCKS = YES;
				GCC_WARN_64_TO_32_BIT_CONVERSION = YES;
				GCC_WARN_ABOUT_RETURN_TYPE = YES_ERROR;
				GCC_WARN_UNDECLARED_SELECTOR = YES;
				GCC_WARN_UNINITIALIZED_AUTOS = YES_AGGRESSIVE;
				GCC_WARN_UNUSED_FUNCTION = YES;
				GCC_WARN_UNUSED_VARIABLE = YES;
				IPHONEOS_DEPLOYMENT_TARGET = 15.2;
				MTL_ENABLE_DEBUG_INFO = NO;
				MTL_FAST_MATH = YES;
				SDKROOT = iphoneos;
				SWIFT_COMPILATION_MODE = wholemodule;
				SWIFT_OPTIMIZATION_LEVEL = "-O";
				VALIDATE_PRODUCT = YES;
			};
			name = Release;
		};
		14834F7227A0867B0079DEB4 /* Debug */ = {
			isa = XCBuildConfiguration;
			baseConfigurationReference = 4C7438013CB8BE6F2B74F696 /* Pods-FurnitureStore.debug.xcconfig */;
			buildSettings = {
				ASSETCATALOG_COMPILER_APPICON_NAME = AppIcon;
				ASSETCATALOG_COMPILER_GLOBAL_ACCENT_COLOR_NAME = AccentColor;
				CODE_SIGN_STYLE = Automatic;
				CURRENT_PROJECT_VERSION = 1;
				DEVELOPMENT_TEAM = 65CGDLNXGP;
				GENERATE_INFOPLIST_FILE = YES;
				INFOPLIST_FILE = FurnitureStore/Info.plist;
				INFOPLIST_KEY_UIApplicationSupportsIndirectInputEvents = YES;
				INFOPLIST_KEY_UILaunchStoryboardName = LaunchScreen;
				INFOPLIST_KEY_UISupportedInterfaceOrientations = UIInterfaceOrientationPortrait;
				INFOPLIST_KEY_UISupportedInterfaceOrientations_iPad = "UIInterfaceOrientationPortrait UIInterfaceOrientationPortraitUpsideDown UIInterfaceOrientationLandscapeLeft UIInterfaceOrientationLandscapeRight";
				INFOPLIST_KEY_UISupportedInterfaceOrientations_iPhone = "UIInterfaceOrientationPortrait UIInterfaceOrientationLandscapeLeft UIInterfaceOrientationLandscapeRight";
				IPHONEOS_DEPLOYMENT_TARGET = 13.0;
				LD_RUNPATH_SEARCH_PATHS = (
					"$(inherited)",
					"@executable_path/Frameworks",
				);
				MARKETING_VERSION = 1.0;
				PRODUCT_BUNDLE_IDENTIFIER = com.boltromyuk.FurnitureStore;
				PRODUCT_NAME = "$(TARGET_NAME)";
				SWIFT_EMIT_LOC_STRINGS = YES;
				SWIFT_VERSION = 5.0;
				TARGETED_DEVICE_FAMILY = 1;
			};
			name = Debug;
		};
		14834F7327A0867B0079DEB4 /* Release */ = {
			isa = XCBuildConfiguration;
			baseConfigurationReference = A09289D0486093216845E686 /* Pods-FurnitureStore.release.xcconfig */;
			buildSettings = {
				ASSETCATALOG_COMPILER_APPICON_NAME = AppIcon;
				ASSETCATALOG_COMPILER_GLOBAL_ACCENT_COLOR_NAME = AccentColor;
				CODE_SIGN_STYLE = Automatic;
				CURRENT_PROJECT_VERSION = 1;
				DEVELOPMENT_TEAM = 65CGDLNXGP;
				GENERATE_INFOPLIST_FILE = YES;
				INFOPLIST_FILE = FurnitureStore/Info.plist;
				INFOPLIST_KEY_UIApplicationSupportsIndirectInputEvents = YES;
				INFOPLIST_KEY_UILaunchStoryboardName = LaunchScreen;
				INFOPLIST_KEY_UISupportedInterfaceOrientations = UIInterfaceOrientationPortrait;
				INFOPLIST_KEY_UISupportedInterfaceOrientations_iPad = "UIInterfaceOrientationPortrait UIInterfaceOrientationPortraitUpsideDown UIInterfaceOrientationLandscapeLeft UIInterfaceOrientationLandscapeRight";
				INFOPLIST_KEY_UISupportedInterfaceOrientations_iPhone = "UIInterfaceOrientationPortrait UIInterfaceOrientationLandscapeLeft UIInterfaceOrientationLandscapeRight";
				IPHONEOS_DEPLOYMENT_TARGET = 13.0;
				LD_RUNPATH_SEARCH_PATHS = (
					"$(inherited)",
					"@executable_path/Frameworks",
				);
				MARKETING_VERSION = 1.0;
				PRODUCT_BUNDLE_IDENTIFIER = com.boltromyuk.FurnitureStore;
				PRODUCT_NAME = "$(TARGET_NAME)";
				SWIFT_EMIT_LOC_STRINGS = YES;
				SWIFT_VERSION = 5.0;
				TARGETED_DEVICE_FAMILY = 1;
			};
			name = Release;
		};
/* End XCBuildConfiguration section */

/* Begin XCConfigurationList section */
		14834F5527A0867A0079DEB4 /* Build configuration list for PBXProject "FurnitureStore" */ = {
			isa = XCConfigurationList;
			buildConfigurations = (
				14834F6F27A0867B0079DEB4 /* Debug */,
				14834F7027A0867B0079DEB4 /* Release */,
			);
			defaultConfigurationIsVisible = 0;
			defaultConfigurationName = Release;
		};
		14834F7127A0867B0079DEB4 /* Build configuration list for PBXNativeTarget "FurnitureStore" */ = {
			isa = XCConfigurationList;
			buildConfigurations = (
				14834F7227A0867B0079DEB4 /* Debug */,
				14834F7327A0867B0079DEB4 /* Release */,
			);
			defaultConfigurationIsVisible = 0;
			defaultConfigurationName = Release;
		};
/* End XCConfigurationList section */

/* Begin XCVersionGroup section */
		14834F6627A0867A0079DEB4 /* FurnitureStore.xcdatamodeld */ = {
			isa = XCVersionGroup;
			children = (
				14834F6727A0867A0079DEB4 /* FurnitureStore.xcdatamodel */,
			);
			currentVersion = 14834F6727A0867A0079DEB4 /* FurnitureStore.xcdatamodel */;
			path = FurnitureStore.xcdatamodeld;
			sourceTree = "<group>";
			versionGroupType = wrapper.xcdatamodel;
		};
/* End XCVersionGroup section */
	};
	rootObject = 14834F5227A0867A0079DEB4 /* Project object */;
}
